
Microsoft Visual Studio Solution File, Format Version 12.00
# Visual Studio Version 16
VisualStudioVersion = 16.0.29613.14
MinimumVisualStudioVersion = 10.0.40219.1
Project("{9A19103F-16F7-4668-BE54-9A1E7A4F7556}") = "GovUkApi", "GovUkApi\GovUkApi.csproj", "{54A1A3A5-0287-4E01-A4E6-6A616820000A}"
EndProject
Project("{FAE04EC0-301F-11D3-BF4B-00C04F79EFBC}") = "GovUkApiTests", "GovUkApiTests\GovUkApiTests.csproj", "{DC672F88-FEF4-4577-B861-C07ED2BB6092}"
EndProject
Global
	GlobalSection(SolutionConfigurationPlatforms) = preSolution
		Debug|Any CPU = Debug|Any CPU
		Release|Any CPU = Release|Any CPU
	EndGlobalSection
	GlobalSection(ProjectConfigurationPlatforms) = postSolution
		{54A1A3A5-0287-4E01-A4E6-6A616820000A}.Debug|Any CPU.ActiveCfg = Debug|Any CPU
		{54A1A3A5-0287-4E01-A4E6-6A616820000A}.Debug|Any CPU.Build.0 = Debug|Any CPU
		{54A1A3A5-0287-4E01-A4E6-6A616820000A}.Release|Any CPU.ActiveCfg = Release|Any CPU
		{54A1A3A5-0287-4E01-A4E6-6A616820000A}.Release|Any CPU.Build.0 = Release|Any CPU
		{DC672F88-FEF4-4577-B861-C07ED2BB6092}.Debug|Any CPU.ActiveCfg = Debug|Any CPU
		{DC672F88-FEF4-4577-B861-C07ED2BB6092}.Debug|Any CPU.Build.0 = Debug|Any CPU
		{DC672F88-FEF4-4577-B861-C07ED2BB6092}.Release|Any CPU.ActiveCfg = Release|Any CPU
		{DC672F88-FEF4-4577-B861-C07ED2BB6092}.Release|Any CPU.Build.0 = Release|Any CPU
	EndGlobalSection
	GlobalSection(SolutionProperties) = preSolution
		HideSolutionNode = FALSE
	EndGlobalSection
	GlobalSection(ExtensibilityGlobals) = postSolution
		SolutionGuid = {5F0B2E82-D2C3-43FE-9C51-EEE094902C10}
	EndGlobalSection
EndGlobal
