
Microsoft Visual Studio Solution File, Format Version 12.00
# Visual Studio Version 16
VisualStudioVersion = 16.0.29613.14
MinimumVisualStudioVersion = 10.0.40219.1
Project("{FAE04EC0-301F-11D3-BF4B-00C04F79EFBC}") = "GovUKApi", "GovUKApi.csproj", "{BDD8246B-F78C-4F27-A36C-429B30F6DF2E}"
EndProject
Global
	GlobalSection(SolutionConfigurationPlatforms) = preSolution
		Debug|Any CPU = Debug|Any CPU
		Release|Any CPU = Release|Any CPU
	EndGlobalSection
	GlobalSection(ProjectConfigurationPlatforms) = postSolution
		{BDD8246B-F78C-4F27-A36C-429B30F6DF2E}.Debug|Any CPU.ActiveCfg = Debug|Any CPU
		{BDD8246B-F78C-4F27-A36C-429B30F6DF2E}.Debug|Any CPU.Build.0 = Debug|Any CPU
		{BDD8246B-F78C-4F27-A36C-429B30F6DF2E}.Release|Any CPU.ActiveCfg = Release|Any CPU
		{BDD8246B-F78C-4F27-A36C-429B30F6DF2E}.Release|Any CPU.Build.0 = Release|Any CPU
	EndGlobalSection
	GlobalSection(SolutionProperties) = preSolution
		HideSolutionNode = FALSE
	EndGlobalSection
	GlobalSection(ExtensibilityGlobals) = postSolution
		SolutionGuid = {5F0B2E82-D2C3-43FE-9C51-EEE094902C10}
	EndGlobalSection
EndGlobal
